
Microsoft Visual Studio Solution File, Format Version 12.00
# Visual Studio 14
VisualStudioVersion = 14.0.25123.0
MinimumVisualStudioVersion = 10.0.40219.1
Project("{FAE04EC0-301F-11D3-BF4B-00C04F79EFBC}") = "Store.Core", "Store.Core\Store.Core.csproj", "{9B54ED2E-0E5E-43E3-B953-FE4DCF0139A2}"
EndProject
Project("{FAE04EC0-301F-11D3-BF4B-00C04F79EFBC}") = "Store.Client", "Store.Client\Store.Client.csproj", "{5AEDB711-E6BB-4AE0-9EA0-ACD034436425}"
EndProject
Global
	GlobalSection(SolutionConfigurationPlatforms) = preSolution
		Debug|Any CPU = Debug|Any CPU
		Release|Any CPU = Release|Any CPU
	EndGlobalSection
	GlobalSection(ProjectConfigurationPlatforms) = postSolution
		{9B54ED2E-0E5E-43E3-B953-FE4DCF0139A2}.Debug|Any CPU.ActiveCfg = Debug|Any CPU
		{9B54ED2E-0E5E-43E3-B953-FE4DCF0139A2}.Debug|Any CPU.Build.0 = Debug|Any CPU
		{9B54ED2E-0E5E-43E3-B953-FE4DCF0139A2}.Release|Any CPU.ActiveCfg = Release|Any CPU
		{9B54ED2E-0E5E-43E3-B953-FE4DCF0139A2}.Release|Any CPU.Build.0 = Release|Any CPU
		{5AEDB711-E6BB-4AE0-9EA0-ACD034436425}.Debug|Any CPU.ActiveCfg = Debug|Any CPU
		{5AEDB711-E6BB-4AE0-9EA0-ACD034436425}.Debug|Any CPU.Build.0 = Debug|Any CPU
		{5AEDB711-E6BB-4AE0-9EA0-ACD034436425}.Release|Any CPU.ActiveCfg = Release|Any CPU
		{5AEDB711-E6BB-4AE0-9EA0-ACD034436425}.Release|Any CPU.Build.0 = Release|Any CPU
	EndGlobalSection
	GlobalSection(SolutionProperties) = preSolution
		HideSolutionNode = FALSE
	EndGlobalSection
EndGlobal
